
Microsoft Visual Studio Solution File, Format Version 12.00
# Visual Studio Version 16
VisualStudioVersion = 16.0.31702.278
MinimumVisualStudioVersion = 10.0.40219.1
Project("{FAE04EC0-301F-11D3-BF4B-00C04F79EFBC}") = "1", "1.csproj", "{DDA00776-F2DF-498C-8472-C170D6D69422}"
EndProject
Global
	GlobalSection(SolutionConfigurationPlatforms) = preSolution
		Debug|Any CPU = Debug|Any CPU
		Release|Any CPU = Release|Any CPU
	EndGlobalSection
	GlobalSection(ProjectConfigurationPlatforms) = postSolution
		{DDA00776-F2DF-498C-8472-C170D6D69422}.Debug|Any CPU.ActiveCfg = Debug|Any CPU
		{DDA00776-F2DF-498C-8472-C170D6D69422}.Debug|Any CPU.Build.0 = Debug|Any CPU
		{DDA00776-F2DF-498C-8472-C170D6D69422}.Release|Any CPU.ActiveCfg = Release|Any CPU
		{DDA00776-F2DF-498C-8472-C170D6D69422}.Release|Any CPU.Build.0 = Release|Any CPU
	EndGlobalSection
	GlobalSection(SolutionProperties) = preSolution
		HideSolutionNode = FALSE
	EndGlobalSection
	GlobalSection(ExtensibilityGlobals) = postSolution
		SolutionGuid = {688EF699-F69F-4ACA-96F9-F068062DF279}
	EndGlobalSection
EndGlobal
